
Microsoft Visual Studio Solution File, Format Version 12.00
# Visual Studio Version 17
VisualStudioVersion = 17.8.34511.84
MinimumVisualStudioVersion = 10.0.40219.1
Project("{9A19103F-16F7-4668-BE54-9A1E7A4F7556}") = "LeahMakeUp", "LeahMakeUp\LeahMakeUp.csproj", "{C9F1EB30-E008-4A0C-A97F-94E9C3870FC4}"
EndProject
Project("{FAE04EC0-301F-11D3-BF4B-00C04F79EFBC}") = "DAL", "DAL\DAL.csproj", "{9B85F0B4-347E-4CF7-B784-3B54627AAF12}"
EndProject
Global
	GlobalSection(SolutionConfigurationPlatforms) = preSolution
		Debug|Any CPU = Debug|Any CPU
		Release|Any CPU = Release|Any CPU
	EndGlobalSection
	GlobalSection(ProjectConfigurationPlatforms) = postSolution
		{C9F1EB30-E008-4A0C-A97F-94E9C3870FC4}.Debug|Any CPU.ActiveCfg = Debug|Any CPU
		{C9F1EB30-E008-4A0C-A97F-94E9C3870FC4}.Debug|Any CPU.Build.0 = Debug|Any CPU
		{C9F1EB30-E008-4A0C-A97F-94E9C3870FC4}.Release|Any CPU.ActiveCfg = Release|Any CPU
		{C9F1EB30-E008-4A0C-A97F-94E9C3870FC4}.Release|Any CPU.Build.0 = Release|Any CPU
		{9B85F0B4-347E-4CF7-B784-3B54627AAF12}.Debug|Any CPU.ActiveCfg = Debug|Any CPU
		{9B85F0B4-347E-4CF7-B784-3B54627AAF12}.Debug|Any CPU.Build.0 = Debug|Any CPU
		{9B85F0B4-347E-4CF7-B784-3B54627AAF12}.Release|Any CPU.ActiveCfg = Release|Any CPU
		{9B85F0B4-347E-4CF7-B784-3B54627AAF12}.Release|Any CPU.Build.0 = Release|Any CPU
	EndGlobalSection
	GlobalSection(SolutionProperties) = preSolution
		HideSolutionNode = FALSE
	EndGlobalSection
	GlobalSection(ExtensibilityGlobals) = postSolution
		SolutionGuid = {BDB5E5A5-C817-4051-88FE-261A2FA452F9}
	EndGlobalSection
EndGlobal
